// !$*UTF8*$!
{
	archiveVersion = 1;
	classes = {
	};
	objectVersion = 56;
	objects = {

/* Begin PBXBuildFile section */
		D8E0692B2A718C7900A150B7 /* AppDelegate.swift in Sources */ = {isa = PBXBuildFile; fileRef = D8E0692A2A718C7900A150B7 /* AppDelegate.swift */; };
		D8E0692D2A718C7900A150B7 /* SceneDelegate.swift in Sources */ = {isa = PBXBuildFile; fileRef = D8E0692C2A718C7900A150B7 /* SceneDelegate.swift */; };
		D8E0692F2A718C7900A150B7 /* ViewController.swift in Sources */ = {isa = PBXBuildFile; fileRef = D8E0692E2A718C7900A150B7 /* ViewController.swift */; };
		D8E069342A718C7A00A150B7 /* Assets.xcassets in Resources */ = {isa = PBXBuildFile; fileRef = D8E069332A718C7A00A150B7 /* Assets.xcassets */; };
		D8E069372A718C7A00A150B7 /* LaunchScreen.storyboard in Resources */ = {isa = PBXBuildFile; fileRef = D8E069352A718C7A00A150B7 /* LaunchScreen.storyboard */; };
		D8E069432A718FB400A150B7 /* CountryTableViewCell.swift in Sources */ = {isa = PBXBuildFile; fileRef = D8E069422A718FB400A150B7 /* CountryTableViewCell.swift */; };
		D8E069452A71916600A150B7 /* CountryMainModel.swift in Sources */ = {isa = PBXBuildFile; fileRef = D8E069442A71916600A150B7 /* CountryMainModel.swift */; };
		D8E069472A71989500A150B7 /* CountryModelToPopulate.swift in Sources */ = {isa = PBXBuildFile; fileRef = D8E069462A71989500A150B7 /* CountryModelToPopulate.swift */; };
		D8E069492A719B8D00A150B7 /* CountyViewModel.swift in Sources */ = {isa = PBXBuildFile; fileRef = D8E069482A719B8D00A150B7 /* CountyViewModel.swift */; };
		D8E0694C2A719C1600A150B7 /* APICaller.swift in Sources */ = {isa = PBXBuildFile; fileRef = D8E0694B2A719C1600A150B7 /* APICaller.swift */; };
/* End PBXBuildFile section */

/* Begin PBXFileReference section */
		D8E069272A718C7900A150B7 /* AssessmentTask.app */ = {isa = PBXFileReference; explicitFileType = wrapper.application; includeInIndex = 0; path = AssessmentTask.app; sourceTree = BUILT_PRODUCTS_DIR; };
		D8E0692A2A718C7900A150B7 /* AppDelegate.swift */ = {isa = PBXFileReference; lastKnownFileType = sourcecode.swift; path = AppDelegate.swift; sourceTree = "<group>"; };
		D8E0692C2A718C7900A150B7 /* SceneDelegate.swift */ = {isa = PBXFileReference; lastKnownFileType = sourcecode.swift; path = SceneDelegate.swift; sourceTree = "<group>"; };
		D8E0692E2A718C7900A150B7 /* ViewController.swift */ = {isa = PBXFileReference; lastKnownFileType = sourcecode.swift; path = ViewController.swift; sourceTree = "<group>"; };
		D8E069332A718C7A00A150B7 /* Assets.xcassets */ = {isa = PBXFileReference; lastKnownFileType = folder.assetcatalog; path = Assets.xcassets; sourceTree = "<group>"; };
		D8E069362A718C7A00A150B7 /* Base */ = {isa = PBXFileReference; lastKnownFileType = file.storyboard; name = Base; path = Base.lproj/LaunchScreen.storyboard; sourceTree = "<group>"; };
		D8E069382A718C7A00A150B7 /* Info.plist */ = {isa = PBXFileReference; lastKnownFileType = text.plist.xml; path = Info.plist; sourceTree = "<group>"; };
		D8E069422A718FB400A150B7 /* CountryTableViewCell.swift */ = {isa = PBXFileReference; lastKnownFileType = sourcecode.swift; path = CountryTableViewCell.swift; sourceTree = "<group>"; };
		D8E069442A71916600A150B7 /* CountryMainModel.swift */ = {isa = PBXFileReference; lastKnownFileType = sourcecode.swift; path = CountryMainModel.swift; sourceTree = "<group>"; };
		D8E069462A71989500A150B7 /* CountryModelToPopulate.swift */ = {isa = PBXFileReference; lastKnownFileType = sourcecode.swift; path = CountryModelToPopulate.swift; sourceTree = "<group>"; };
		D8E069482A719B8D00A150B7 /* CountyViewModel.swift */ = {isa = PBXFileReference; lastKnownFileType = sourcecode.swift; path = CountyViewModel.swift; sourceTree = "<group>"; };
		D8E0694B2A719C1600A150B7 /* APICaller.swift */ = {isa = PBXFileReference; lastKnownFileType = sourcecode.swift; path = APICaller.swift; sourceTree = "<group>"; };
/* End PBXFileReference section */

/* Begin PBXFrameworksBuildPhase section */
		D8E069242A718C7900A150B7 /* Frameworks */ = {
			isa = PBXFrameworksBuildPhase;
			buildActionMask = 2147483647;
			files = (
			);
			runOnlyForDeploymentPostprocessing = 0;
		};
/* End PBXFrameworksBuildPhase section */

/* Begin PBXGroup section */
		D8E0691E2A718C7900A150B7 = {
			isa = PBXGroup;
			children = (
				D8E069292A718C7900A150B7 /* AssessmentTask */,
				D8E069282A718C7900A150B7 /* Products */,
			);
			sourceTree = "<group>";
		};
		D8E069282A718C7900A150B7 /* Products */ = {
			isa = PBXGroup;
			children = (
				D8E069272A718C7900A150B7 /* AssessmentTask.app */,
			);
			name = Products;
			sourceTree = "<group>";
		};
		D8E069292A718C7900A150B7 /* AssessmentTask */ = {
			isa = PBXGroup;
			children = (
				D8E0694A2A719C0300A150B7 /* Managers */,
				D8E0692A2A718C7900A150B7 /* AppDelegate.swift */,
				D8E0692C2A718C7900A150B7 /* SceneDelegate.swift */,
				D8E0693F2A718DB500A150B7 /* Models */,
				D8E069402A718DDA00A150B7 /* ViewModels */,
				D8E0693E2A718D8000A150B7 /* Views */,
				D8E069332A718C7A00A150B7 /* Assets.xcassets */,
				D8E069352A718C7A00A150B7 /* LaunchScreen.storyboard */,
				D8E069382A718C7A00A150B7 /* Info.plist */,
			);
			path = AssessmentTask;
			sourceTree = "<group>";
		};
		D8E0693E2A718D8000A150B7 /* Views */ = {
			isa = PBXGroup;
			children = (
				D8E0692E2A718C7900A150B7 /* ViewController.swift */,
				D8E069412A718F9100A150B7 /* Cells */,
			);
			path = Views;
			sourceTree = "<group>";
		};
		D8E0693F2A718DB500A150B7 /* Models */ = {
			isa = PBXGroup;
			children = (
				D8E069442A71916600A150B7 /* CountryMainModel.swift */,
				D8E069462A71989500A150B7 /* CountryModelToPopulate.swift */,
			);
			path = Models;
			sourceTree = "<group>";
		};
		D8E069402A718DDA00A150B7 /* ViewModels */ = {
			isa = PBXGroup;
			children = (
				D8E069482A719B8D00A150B7 /* CountyViewModel.swift */,
			);
			path = ViewModels;
			sourceTree = "<group>";
		};
		D8E069412A718F9100A150B7 /* Cells */ = {
			isa = PBXGroup;
			children = (
				D8E069422A718FB400A150B7 /* CountryTableViewCell.swift */,
			);
			path = Cells;
			sourceTree = "<group>";
		};
		D8E0694A2A719C0300A150B7 /* Managers */ = {
			isa = PBXGroup;
			children = (
				D8E0694B2A719C1600A150B7 /* APICaller.swift */,
			);
			path = Managers;
			sourceTree = "<group>";
		};
/* End PBXGroup section */

/* Begin PBXNativeTarget section */
		D8E069262A718C7900A150B7 /* AssessmentTask */ = {
			isa = PBXNativeTarget;
			buildConfigurationList = D8E0693B2A718C7A00A150B7 /* Build configuration list for PBXNativeTarget "AssessmentTask" */;
			buildPhases = (
				D8E069232A718C7900A150B7 /* Sources */,
				D8E069242A718C7900A150B7 /* Frameworks */,
				D8E069252A718C7900A150B7 /* Resources */,
			);
			buildRules = (
			);
			dependencies = (
			);
			name = AssessmentTask;
			productName = AssessmentTask;
			productReference = D8E069272A718C7900A150B7 /* AssessmentTask.app */;
			productType = "com.apple.product-type.application";
		};
/* End PBXNativeTarget section */

/* Begin PBXProject section */
		D8E0691F2A718C7900A150B7 /* Project object */ = {
			isa = PBXProject;
			attributes = {
				BuildIndependentTargetsInParallel = 1;
				LastSwiftUpdateCheck = 1420;
				LastUpgradeCheck = 1420;
				TargetAttributes = {
					D8E069262A718C7900A150B7 = {
						CreatedOnToolsVersion = 14.2;
					};
				};
			};
			buildConfigurationList = D8E069222A718C7900A150B7 /* Build configuration list for PBXProject "AssessmentTask" */;
			compatibilityVersion = "Xcode 14.0";
			developmentRegion = en;
			hasScannedForEncodings = 0;
			knownRegions = (
				en,
				Base,
			);
			mainGroup = D8E0691E2A718C7900A150B7;
			productRefGroup = D8E069282A718C7900A150B7 /* Products */;
			projectDirPath = "";
			projectRoot = "";
			targets = (
				D8E069262A718C7900A150B7 /* AssessmentTask */,
			);
		};
/* End PBXProject section */

/* Begin PBXResourcesBuildPhase section */
		D8E069252A718C7900A150B7 /* Resources */ = {
			isa = PBXResourcesBuildPhase;
			buildActionMask = 2147483647;
			files = (
				D8E069372A718C7A00A150B7 /* LaunchScreen.storyboard in Resources */,
				D8E069342A718C7A00A150B7 /* Assets.xcassets in Resources */,
			);
			runOnlyForDeploymentPostprocessing = 0;
		};
/* End PBXResourcesBuildPhase section */

/* Begin PBXSourcesBuildPhase section */
		D8E069232A718C7900A150B7 /* Sources */ = {
			isa = PBXSourcesBuildPhase;
			buildActionMask = 2147483647;
			files = (
				D8E0692F2A718C7900A150B7 /* ViewController.swift in Sources */,
				D8E069452A71916600A150B7 /* CountryMainModel.swift in Sources */,
				D8E0692B2A718C7900A150B7 /* AppDelegate.swift in Sources */,
				D8E069472A71989500A150B7 /* CountryModelToPopulate.swift in Sources */,
				D8E069432A718FB400A150B7 /* CountryTableViewCell.swift in Sources */,
				D8E069492A719B8D00A150B7 /* CountyViewModel.swift in Sources */,
				D8E0692D2A718C7900A150B7 /* SceneDelegate.swift in Sources */,
				D8E0694C2A719C1600A150B7 /* APICaller.swift in Sources */,
			);
			runOnlyForDeploymentPostprocessing = 0;
		};
/* End PBXSourcesBuildPhase section */

/* Begin PBXVariantGroup section */
		D8E069352A718C7A00A150B7 /* LaunchScreen.storyboard */ = {
			isa = PBXVariantGroup;
			children = (
				D8E069362A718C7A00A150B7 /* Base */,
			);
			name = LaunchScreen.storyboard;
			sourceTree = "<group>";
		};
/* End PBXVariantGroup section */

/* Begin XCBuildConfiguration section */
		D8E069392A718C7A00A150B7 /* Debug */ = {
			isa = XCBuildConfiguration;
			buildSettings = {
				ALWAYS_SEARCH_USER_PATHS = NO;
				CLANG_ANALYZER_NONNULL = YES;
				CLANG_ANALYZER_NUMBER_OBJECT_CONVERSION = YES_AGGRESSIVE;
				CLANG_CXX_LANGUAGE_STANDARD = "gnu++20";
				CLANG_ENABLE_MODULES = YES;
				CLANG_ENABLE_OBJC_ARC = YES;
				CLANG_ENABLE_OBJC_WEAK = YES;
				CLANG_WARN_BLOCK_CAPTURE_AUTORELEASING = YES;
				CLANG_WARN_BOOL_CONVERSION = YES;
				CLANG_WARN_COMMA = YES;
				CLANG_WARN_CONSTANT_CONVERSION = YES;
				CLANG_WARN_DEPRECATED_OBJC_IMPLEMENTATIONS = YES;
				CLANG_WARN_DIRECT_OBJC_ISA_USAGE = YES_ERROR;
				CLANG_WARN_DOCUMENTATION_COMMENTS = YES;
				CLANG_WARN_EMPTY_BODY = YES;
				CLANG_WARN_ENUM_CONVERSION = YES;
				CLANG_WARN_INFINITE_RECURSION = YES;
				CLANG_WARN_INT_CONVERSION = YES;
				CLANG_WARN_NON_LITERAL_NULL_CONVERSION = YES;
				CLANG_WARN_OBJC_IMPLICIT_RETAIN_SELF = YES;
				CLANG_WARN_OBJC_LITERAL_CONVERSION = YES;
				CLANG_WARN_OBJC_ROOT_CLASS = YES_ERROR;
				CLANG_WARN_QUOTED_INCLUDE_IN_FRAMEWORK_HEADER = YES;
				CLANG_WARN_RANGE_LOOP_ANALYSIS = YES;
				CLANG_WARN_STRICT_PROTOTYPES = YES;
				CLANG_WARN_SUSPICIOUS_MOVE = YES;
				CLANG_WARN_UNGUARDED_AVAILABILITY = YES_AGGRESSIVE;
				CLANG_WARN_UNREACHABLE_CODE = YES;
				CLANG_WARN__DUPLICATE_METHOD_MATCH = YES;
				COPY_PHASE_STRIP = NO;
				DEBUG_INFORMATION_FORMAT = dwarf;
				ENABLE_STRICT_OBJC_MSGSEND = YES;
				ENABLE_TESTABILITY = YES;
				GCC_C_LANGUAGE_STANDARD = gnu11;
				GCC_DYNAMIC_NO_PIC = NO;
				GCC_NO_COMMON_BLOCKS = YES;
				GCC_OPTIMIZATION_LEVEL = 0;
				GCC_PREPROCESSOR_DEFINITIONS = (
					"DEBUG=1",
					"$(inherited)",
				);
				GCC_WARN_64_TO_32_BIT_CONVERSION = YES;
				GCC_WARN_ABOUT_RETURN_TYPE = YES_ERROR;
				GCC_WARN_UNDECLARED_SELECTOR = YES;
				GCC_WARN_UNINITIALIZED_AUTOS = YES_AGGRESSIVE;
				GCC_WARN_UNUSED_FUNCTION = YES;
				GCC_WARN_UNUSED_VARIABLE = YES;
				IPHONEOS_DEPLOYMENT_TARGET = 16.2;
				MTL_ENABLE_DEBUG_INFO = INCLUDE_SOURCE;
				MTL_FAST_MATH = YES;
				ONLY_ACTIVE_ARCH = YES;
				SDKROOT = iphoneos;
				SWIFT_ACTIVE_COMPILATION_CONDITIONS = DEBUG;
				SWIFT_OPTIMIZATION_LEVEL = "-Onone";
			};
			name = Debug;
		};
		D8E0693A2A718C7A00A150B7 /* Release */ = {
			isa = XCBuildConfiguration;
			buildSettings = {
				ALWAYS_SEARCH_USER_PATHS = NO;
				CLANG_ANALYZER_NONNULL = YES;
				CLANG_ANALYZER_NUMBER_OBJECT_CONVERSION = YES_AGGRESSIVE;
				CLANG_CXX_LANGUAGE_STANDARD = "gnu++20";
				CLANG_ENABLE_MODULES = YES;
				CLANG_ENABLE_OBJC_ARC = YES;
				CLANG_ENABLE_OBJC_WEAK = YES;
				CLANG_WARN_BLOCK_CAPTURE_AUTORELEASING = YES;
				CLANG_WARN_BOOL_CONVERSION = YES;
				CLANG_WARN_COMMA = YES;
				CLANG_WARN_CONSTANT_CONVERSION = YES;
				CLANG_WARN_DEPRECATED_OBJC_IMPLEMENTATIONS = YES;
				CLANG_WARN_DIRECT_OBJC_ISA_USAGE = YES_ERROR;
				CLANG_WARN_DOCUMENTATION_COMMENTS = YES;
				CLANG_WARN_EMPTY_BODY = YES;
				CLANG_WARN_ENUM_CONVERSION = YES;
				CLANG_WARN_INFINITE_RECURSION = YES;
				CLANG_WARN_INT_CONVERSION = YES;
				CLANG_WARN_NON_LITERAL_NULL_CONVERSION = YES;
				CLANG_WARN_OBJC_IMPLICIT_RETAIN_SELF = YES;
				CLANG_WARN_OBJC_LITERAL_CONVERSION = YES;
				CLANG_WARN_OBJC_ROOT_CLASS = YES_ERROR;
				CLANG_WARN_QUOTED_INCLUDE_IN_FRAMEWORK_HEADER = YES;
				CLANG_WARN_RANGE_LOOP_ANALYSIS = YES;
				CLANG_WARN_STRICT_PROTOTYPES = YES;
				CLANG_WARN_SUSPICIOUS_MOVE = YES;
				CLANG_WARN_UNGUARDED_AVAILABILITY = YES_AGGRESSIVE;
				CLANG_WARN_UNREACHABLE_CODE = YES;
				CLANG_WARN__DUPLICATE_METHOD_MATCH = YES;
				COPY_PHASE_STRIP = NO;
				DEBUG_INFORMATION_FORMAT = "dwarf-with-dsym";
				ENABLE_NS_ASSERTIONS = NO;
				ENABLE_STRICT_OBJC_MSGSEND = YES;
				GCC_C_LANGUAGE_STANDARD = gnu11;
				GCC_NO_COMMON_BLOCKS = YES;
				GCC_WARN_64_TO_32_BIT_CONVERSION = YES;
				GCC_WARN_ABOUT_RETURN_TYPE = YES_ERROR;
				GCC_WARN_UNDECLARED_SELECTOR = YES;
				GCC_WARN_UNINITIALIZED_AUTOS = YES_AGGRESSIVE;
				GCC_WARN_UNUSED_FUNCTION = YES;
				GCC_WARN_UNUSED_VARIABLE = YES;
				IPHONEOS_DEPLOYMENT_TARGET = 16.2;
				MTL_ENABLE_DEBUG_INFO = NO;
				MTL_FAST_MATH = YES;
				SDKROOT = iphoneos;
				SWIFT_COMPILATION_MODE = wholemodule;
				SWIFT_OPTIMIZATION_LEVEL = "-O";
				VALIDATE_PRODUCT = YES;
			};
			name = Release;
		};
		D8E0693C2A718C7A00A150B7 /* Debug */ = {
			isa = XCBuildConfiguration;
			buildSettings = {
				ASSETCATALOG_COMPILER_APPICON_NAME = AppIcon;
				ASSETCATALOG_COMPILER_GLOBAL_ACCENT_COLOR_NAME = AccentColor;
				CODE_SIGN_STYLE = Automatic;
				CURRENT_PROJECT_VERSION = 1;
				DEVELOPMENT_TEAM = 9KLKLA3BF5;
				GENERATE_INFOPLIST_FILE = YES;
				INFOPLIST_FILE = AssessmentTask/Info.plist;
				INFOPLIST_KEY_UIApplicationSupportsIndirectInputEvents = YES;
				INFOPLIST_KEY_UILaunchStoryboardName = LaunchScreen;
				INFOPLIST_KEY_UISupportedInterfaceOrientations_iPad = "UIInterfaceOrientationPortrait UIInterfaceOrientationPortraitUpsideDown UIInterfaceOrientationLandscapeLeft UIInterfaceOrientationLandscapeRight";
				INFOPLIST_KEY_UISupportedInterfaceOrientations_iPhone = "UIInterfaceOrientationPortrait UIInterfaceOrientationLandscapeLeft UIInterfaceOrientationLandscapeRight";
				LD_RUNPATH_SEARCH_PATHS = (
					"$(inherited)",
					"@executable_path/Frameworks",
				);
				MARKETING_VERSION = 1.0;
				PRODUCT_BUNDLE_IDENTIFIER = com.zhanybeksalgarin.AssessmentTask;
				PRODUCT_NAME = "$(TARGET_NAME)";
				SWIFT_EMIT_LOC_STRINGS = YES;
				SWIFT_VERSION = 5.0;
				TARGETED_DEVICE_FAMILY = "1,2";
			};
			name = Debug;
		};
		D8E0693D2A718C7A00A150B7 /* Release */ = {
			isa = XCBuildConfiguration;
			buildSettings = {
				ASSETCATALOG_COMPILER_APPICON_NAME = AppIcon;
				ASSETCATALOG_COMPILER_GLOBAL_ACCENT_COLOR_NAME = AccentColor;
				CODE_SIGN_STYLE = Automatic;
				CURRENT_PROJECT_VERSION = 1;
				DEVELOPMENT_TEAM = 9KLKLA3BF5;
				GENERATE_INFOPLIST_FILE = YES;
				INFOPLIST_FILE = AssessmentTask/Info.plist;
				INFOPLIST_KEY_UIApplicationSupportsIndirectInputEvents = YES;
				INFOPLIST_KEY_UILaunchStoryboardName = LaunchScreen;
				INFOPLIST_KEY_UISupportedInterfaceOrientations_iPad = "UIInterfaceOrientationPortrait UIInterfaceOrientationPortraitUpsideDown UIInterfaceOrientationLandscapeLeft UIInterfaceOrientationLandscapeRight";
				INFOPLIST_KEY_UISupportedInterfaceOrientations_iPhone = "UIInterfaceOrientationPortrait UIInterfaceOrientationLandscapeLeft UIInterfaceOrientationLandscapeRight";
				LD_RUNPATH_SEARCH_PATHS = (
					"$(inherited)",
					"@executable_path/Frameworks",
				);
				MARKETING_VERSION = 1.0;
				PRODUCT_BUNDLE_IDENTIFIER = com.zhanybeksalgarin.AssessmentTask;
				PRODUCT_NAME = "$(TARGET_NAME)";
				SWIFT_EMIT_LOC_STRINGS = YES;
				SWIFT_VERSION = 5.0;
				TARGETED_DEVICE_FAMILY = "1,2";
			};
			name = Release;
		};
/* End XCBuildConfiguration section */

/* Begin XCConfigurationList section */
		D8E069222A718C7900A150B7 /* Build configuration list for PBXProject "AssessmentTask" */ = {
			isa = XCConfigurationList;
			buildConfigurations = (
				D8E069392A718C7A00A150B7 /* Debug */,
				D8E0693A2A718C7A00A150B7 /* Release */,
			);
			defaultConfigurationIsVisible = 0;
			defaultConfigurationName = Release;
		};
		D8E0693B2A718C7A00A150B7 /* Build configuration list for PBXNativeTarget "AssessmentTask" */ = {
			isa = XCConfigurationList;
			buildConfigurations = (
				D8E0693C2A718C7A00A150B7 /* Debug */,
				D8E0693D2A718C7A00A150B7 /* Release */,
			);
			defaultConfigurationIsVisible = 0;
			defaultConfigurationName = Release;
		};
/* End XCConfigurationList section */
	};
	rootObject = D8E0691F2A718C7900A150B7 /* Project object */;
}
