// !$*UTF8*$!
{
	archiveVersion = 1;
	classes = {
	};
	objectVersion = 56;
	objects = {

/* Begin PBXBuildFile section */
		D873C2B32A81AC0D00E30935 /* AnimalsData.swift in Sources */ = {isa = PBXBuildFile; fileRef = D873C2B22A81AC0D00E30935 /* AnimalsData.swift */; };
		D873C2B52A81B46400E30935 /* AnimalsViewModel.swift in Sources */ = {isa = PBXBuildFile; fileRef = D873C2B42A81B46400E30935 /* AnimalsViewModel.swift */; };
		D8E0695A2A781D9100A150B7 /* AnimalWorldApp.swift in Sources */ = {isa = PBXBuildFile; fileRef = D8E069592A781D9100A150B7 /* AnimalWorldApp.swift */; };
		D8E0695C2A781D9100A150B7 /* ContentView.swift in Sources */ = {isa = PBXBuildFile; fileRef = D8E0695B2A781D9100A150B7 /* ContentView.swift */; };
		D8E0695E2A781D9400A150B7 /* Assets.xcassets in Resources */ = {isa = PBXBuildFile; fileRef = D8E0695D2A781D9400A150B7 /* Assets.xcassets */; };
		D8E069612A781D9400A150B7 /* Preview Assets.xcassets in Resources */ = {isa = PBXBuildFile; fileRef = D8E069602A781D9400A150B7 /* Preview Assets.xcassets */; };
		D8E069692A781E0F00A150B7 /* AnimalModel .swift in Sources */ = {isa = PBXBuildFile; fileRef = D8E069682A781E0F00A150B7 /* AnimalModel .swift */; };
/* End PBXBuildFile section */

/* Begin PBXFileReference section */
		D873C2B22A81AC0D00E30935 /* AnimalsData.swift */ = {isa = PBXFileReference; lastKnownFileType = sourcecode.swift; path = AnimalsData.swift; sourceTree = "<group>"; };
		D873C2B42A81B46400E30935 /* AnimalsViewModel.swift */ = {isa = PBXFileReference; lastKnownFileType = sourcecode.swift; path = AnimalsViewModel.swift; sourceTree = "<group>"; };
		D8E069562A781D9100A150B7 /* AnimalWorld.app */ = {isa = PBXFileReference; explicitFileType = wrapper.application; includeInIndex = 0; path = AnimalWorld.app; sourceTree = BUILT_PRODUCTS_DIR; };
		D8E069592A781D9100A150B7 /* AnimalWorldApp.swift */ = {isa = PBXFileReference; lastKnownFileType = sourcecode.swift; path = AnimalWorldApp.swift; sourceTree = "<group>"; };
		D8E0695B2A781D9100A150B7 /* ContentView.swift */ = {isa = PBXFileReference; lastKnownFileType = sourcecode.swift; path = ContentView.swift; sourceTree = "<group>"; };
		D8E0695D2A781D9400A150B7 /* Assets.xcassets */ = {isa = PBXFileReference; lastKnownFileType = folder.assetcatalog; path = Assets.xcassets; sourceTree = "<group>"; };
		D8E069602A781D9400A150B7 /* Preview Assets.xcassets */ = {isa = PBXFileReference; lastKnownFileType = folder.assetcatalog; path = "Preview Assets.xcassets"; sourceTree = "<group>"; };
		D8E069682A781E0F00A150B7 /* AnimalModel .swift */ = {isa = PBXFileReference; lastKnownFileType = sourcecode.swift; path = "AnimalModel .swift"; sourceTree = "<group>"; };
/* End PBXFileReference section */

/* Begin PBXFrameworksBuildPhase section */
		D8E069532A781D9100A150B7 /* Frameworks */ = {
			isa = PBXFrameworksBuildPhase;
			buildActionMask = 2147483647;
			files = (
			);
			runOnlyForDeploymentPostprocessing = 0;
		};
/* End PBXFrameworksBuildPhase section */

/* Begin PBXGroup section */
		D873C2B12A81ABFB00E30935 /* Managers */ = {
			isa = PBXGroup;
			children = (
				D873C2B22A81AC0D00E30935 /* AnimalsData.swift */,
			);
			path = Managers;
			sourceTree = "<group>";
		};
		D873C2B62A81B50A00E30935 /* AnimalsViewModel */ = {
			isa = PBXGroup;
			children = (
				D873C2B42A81B46400E30935 /* AnimalsViewModel.swift */,
			);
			path = AnimalsViewModel;
			sourceTree = "<group>";
		};
		D8E0694D2A781D9100A150B7 = {
			isa = PBXGroup;
			children = (
				D8E069582A781D9100A150B7 /* AnimalWorld */,
				D8E069572A781D9100A150B7 /* Products */,
			);
			sourceTree = "<group>";
		};
		D8E069572A781D9100A150B7 /* Products */ = {
			isa = PBXGroup;
			children = (
				D8E069562A781D9100A150B7 /* AnimalWorld.app */,
			);
			name = Products;
			sourceTree = "<group>";
		};
		D8E069582A781D9100A150B7 /* AnimalWorld */ = {
			isa = PBXGroup;
			children = (
				D8E069592A781D9100A150B7 /* AnimalWorldApp.swift */,
				D873C2B12A81ABFB00E30935 /* Managers */,
				D8E069672A781DF600A150B7 /* Moldels */,
				D8E0696A2A78206700A150B7 /* Views */,
				D873C2B62A81B50A00E30935 /* AnimalsViewModel */,
				D8E0695D2A781D9400A150B7 /* Assets.xcassets */,
				D8E0695F2A781D9400A150B7 /* Preview Content */,
			);
			path = AnimalWorld;
			sourceTree = "<group>";
		};
		D8E0695F2A781D9400A150B7 /* Preview Content */ = {
			isa = PBXGroup;
			children = (
				D8E069602A781D9400A150B7 /* Preview Assets.xcassets */,
			);
			path = "Preview Content";
			sourceTree = "<group>";
		};
		D8E069672A781DF600A150B7 /* Moldels */ = {
			isa = PBXGroup;
			children = (
				D8E069682A781E0F00A150B7 /* AnimalModel .swift */,
			);
			path = Moldels;
			sourceTree = "<group>";
		};
		D8E0696A2A78206700A150B7 /* Views */ = {
			isa = PBXGroup;
			children = (
				D8E0695B2A781D9100A150B7 /* ContentView.swift */,
			);
			path = Views;
			sourceTree = "<group>";
		};
/* End PBXGroup section */

/* Begin PBXNativeTarget section */
		D8E069552A781D9100A150B7 /* AnimalWorld */ = {
			isa = PBXNativeTarget;
			buildConfigurationList = D8E069642A781D9400A150B7 /* Build configuration list for PBXNativeTarget "AnimalWorld" */;
			buildPhases = (
				D8E069522A781D9100A150B7 /* Sources */,
				D8E069532A781D9100A150B7 /* Frameworks */,
				D8E069542A781D9100A150B7 /* Resources */,
			);
			buildRules = (
			);
			dependencies = (
			);
			name = AnimalWorld;
			productName = AnimalWorld;
			productReference = D8E069562A781D9100A150B7 /* AnimalWorld.app */;
			productType = "com.apple.product-type.application";
		};
/* End PBXNativeTarget section */

/* Begin PBXProject section */
		D8E0694E2A781D9100A150B7 /* Project object */ = {
			isa = PBXProject;
			attributes = {
				BuildIndependentTargetsInParallel = 1;
				LastSwiftUpdateCheck = 1420;
				LastUpgradeCheck = 1420;
				TargetAttributes = {
					D8E069552A781D9100A150B7 = {
						CreatedOnToolsVersion = 14.2;
					};
				};
			};
			buildConfigurationList = D8E069512A781D9100A150B7 /* Build configuration list for PBXProject "AnimalWorld" */;
			compatibilityVersion = "Xcode 14.0";
			developmentRegion = en;
			hasScannedForEncodings = 0;
			knownRegions = (
				en,
				Base,
			);
			mainGroup = D8E0694D2A781D9100A150B7;
			productRefGroup = D8E069572A781D9100A150B7 /* Products */;
			projectDirPath = "";
			projectRoot = "";
			targets = (
				D8E069552A781D9100A150B7 /* AnimalWorld */,
			);
		};
/* End PBXProject section */

/* Begin PBXResourcesBuildPhase section */
		D8E069542A781D9100A150B7 /* Resources */ = {
			isa = PBXResourcesBuildPhase;
			buildActionMask = 2147483647;
			files = (
				D8E069612A781D9400A150B7 /* Preview Assets.xcassets in Resources */,
				D8E0695E2A781D9400A150B7 /* Assets.xcassets in Resources */,
			);
			runOnlyForDeploymentPostprocessing = 0;
		};
/* End PBXResourcesBuildPhase section */

/* Begin PBXSourcesBuildPhase section */
		D8E069522A781D9100A150B7 /* Sources */ = {
			isa = PBXSourcesBuildPhase;
			buildActionMask = 2147483647;
			files = (
				D8E0695C2A781D9100A150B7 /* ContentView.swift in Sources */,
				D8E069692A781E0F00A150B7 /* AnimalModel .swift in Sources */,
				D8E0695A2A781D9100A150B7 /* AnimalWorldApp.swift in Sources */,
				D873C2B32A81AC0D00E30935 /* AnimalsData.swift in Sources */,
				D873C2B52A81B46400E30935 /* AnimalsViewModel.swift in Sources */,
			);
			runOnlyForDeploymentPostprocessing = 0;
		};
/* End PBXSourcesBuildPhase section */

/* Begin XCBuildConfiguration section */
		D8E069622A781D9400A150B7 /* Debug */ = {
			isa = XCBuildConfiguration;
			buildSettings = {
				ALWAYS_SEARCH_USER_PATHS = NO;
				CLANG_ANALYZER_NONNULL = YES;
				CLANG_ANALYZER_NUMBER_OBJECT_CONVERSION = YES_AGGRESSIVE;
				CLANG_CXX_LANGUAGE_STANDARD = "gnu++20";
				CLANG_ENABLE_MODULES = YES;
				CLANG_ENABLE_OBJC_ARC = YES;
				CLANG_ENABLE_OBJC_WEAK = YES;
				CLANG_WARN_BLOCK_CAPTURE_AUTORELEASING = YES;
				CLANG_WARN_BOOL_CONVERSION = YES;
				CLANG_WARN_COMMA = YES;
				CLANG_WARN_CONSTANT_CONVERSION = YES;
				CLANG_WARN_DEPRECATED_OBJC_IMPLEMENTATIONS = YES;
				CLANG_WARN_DIRECT_OBJC_ISA_USAGE = YES_ERROR;
				CLANG_WARN_DOCUMENTATION_COMMENTS = YES;
				CLANG_WARN_EMPTY_BODY = YES;
				CLANG_WARN_ENUM_CONVERSION = YES;
				CLANG_WARN_INFINITE_RECURSION = YES;
				CLANG_WARN_INT_CONVERSION = YES;
				CLANG_WARN_NON_LITERAL_NULL_CONVERSION = YES;
				CLANG_WARN_OBJC_IMPLICIT_RETAIN_SELF = YES;
				CLANG_WARN_OBJC_LITERAL_CONVERSION = YES;
				CLANG_WARN_OBJC_ROOT_CLASS = YES_ERROR;
				CLANG_WARN_QUOTED_INCLUDE_IN_FRAMEWORK_HEADER = YES;
				CLANG_WARN_RANGE_LOOP_ANALYSIS = YES;
				CLANG_WARN_STRICT_PROTOTYPES = YES;
				CLANG_WARN_SUSPICIOUS_MOVE = YES;
				CLANG_WARN_UNGUARDED_AVAILABILITY = YES_AGGRESSIVE;
				CLANG_WARN_UNREACHABLE_CODE = YES;
				CLANG_WARN__DUPLICATE_METHOD_MATCH = YES;
				COPY_PHASE_STRIP = NO;
				DEBUG_INFORMATION_FORMAT = dwarf;
				ENABLE_STRICT_OBJC_MSGSEND = YES;
				ENABLE_TESTABILITY = YES;
				GCC_C_LANGUAGE_STANDARD = gnu11;
				GCC_DYNAMIC_NO_PIC = NO;
				GCC_NO_COMMON_BLOCKS = YES;
				GCC_OPTIMIZATION_LEVEL = 0;
				GCC_PREPROCESSOR_DEFINITIONS = (
					"DEBUG=1",
					"$(inherited)",
				);
				GCC_WARN_64_TO_32_BIT_CONVERSION = YES;
				GCC_WARN_ABOUT_RETURN_TYPE = YES_ERROR;
				GCC_WARN_UNDECLARED_SELECTOR = YES;
				GCC_WARN_UNINITIALIZED_AUTOS = YES_AGGRESSIVE;
				GCC_WARN_UNUSED_FUNCTION = YES;
				GCC_WARN_UNUSED_VARIABLE = YES;
				IPHONEOS_DEPLOYMENT_TARGET = 16.2;
				MTL_ENABLE_DEBUG_INFO = INCLUDE_SOURCE;
				MTL_FAST_MATH = YES;
				ONLY_ACTIVE_ARCH = YES;
				SDKROOT = iphoneos;
				SWIFT_ACTIVE_COMPILATION_CONDITIONS = DEBUG;
				SWIFT_OPTIMIZATION_LEVEL = "-Onone";
			};
			name = Debug;
		};
		D8E069632A781D9400A150B7 /* Release */ = {
			isa = XCBuildConfiguration;
			buildSettings = {
				ALWAYS_SEARCH_USER_PATHS = NO;
				CLANG_ANALYZER_NONNULL = YES;
				CLANG_ANALYZER_NUMBER_OBJECT_CONVERSION = YES_AGGRESSIVE;
				CLANG_CXX_LANGUAGE_STANDARD = "gnu++20";
				CLANG_ENABLE_MODULES = YES;
				CLANG_ENABLE_OBJC_ARC = YES;
				CLANG_ENABLE_OBJC_WEAK = YES;
				CLANG_WARN_BLOCK_CAPTURE_AUTORELEASING = YES;
				CLANG_WARN_BOOL_CONVERSION = YES;
				CLANG_WARN_COMMA = YES;
				CLANG_WARN_CONSTANT_CONVERSION = YES;
				CLANG_WARN_DEPRECATED_OBJC_IMPLEMENTATIONS = YES;
				CLANG_WARN_DIRECT_OBJC_ISA_USAGE = YES_ERROR;
				CLANG_WARN_DOCUMENTATION_COMMENTS = YES;
				CLANG_WARN_EMPTY_BODY = YES;
				CLANG_WARN_ENUM_CONVERSION = YES;
				CLANG_WARN_INFINITE_RECURSION = YES;
				CLANG_WARN_INT_CONVERSION = YES;
				CLANG_WARN_NON_LITERAL_NULL_CONVERSION = YES;
				CLANG_WARN_OBJC_IMPLICIT_RETAIN_SELF = YES;
				CLANG_WARN_OBJC_LITERAL_CONVERSION = YES;
				CLANG_WARN_OBJC_ROOT_CLASS = YES_ERROR;
				CLANG_WARN_QUOTED_INCLUDE_IN_FRAMEWORK_HEADER = YES;
				CLANG_WARN_RANGE_LOOP_ANALYSIS = YES;
				CLANG_WARN_STRICT_PROTOTYPES = YES;
				CLANG_WARN_SUSPICIOUS_MOVE = YES;
				CLANG_WARN_UNGUARDED_AVAILABILITY = YES_AGGRESSIVE;
				CLANG_WARN_UNREACHABLE_CODE = YES;
				CLANG_WARN__DUPLICATE_METHOD_MATCH = YES;
				COPY_PHASE_STRIP = NO;
				DEBUG_INFORMATION_FORMAT = "dwarf-with-dsym";
				ENABLE_NS_ASSERTIONS = NO;
				ENABLE_STRICT_OBJC_MSGSEND = YES;
				GCC_C_LANGUAGE_STANDARD = gnu11;
				GCC_NO_COMMON_BLOCKS = YES;
				GCC_WARN_64_TO_32_BIT_CONVERSION = YES;
				GCC_WARN_ABOUT_RETURN_TYPE = YES_ERROR;
				GCC_WARN_UNDECLARED_SELECTOR = YES;
				GCC_WARN_UNINITIALIZED_AUTOS = YES_AGGRESSIVE;
				GCC_WARN_UNUSED_FUNCTION = YES;
				GCC_WARN_UNUSED_VARIABLE = YES;
				IPHONEOS_DEPLOYMENT_TARGET = 16.2;
				MTL_ENABLE_DEBUG_INFO = NO;
				MTL_FAST_MATH = YES;
				SDKROOT = iphoneos;
				SWIFT_COMPILATION_MODE = wholemodule;
				SWIFT_OPTIMIZATION_LEVEL = "-O";
				VALIDATE_PRODUCT = YES;
			};
			name = Release;
		};
		D8E069652A781D9400A150B7 /* Debug */ = {
			isa = XCBuildConfiguration;
			buildSettings = {
				ASSETCATALOG_COMPILER_APPICON_NAME = AppIcon;
				ASSETCATALOG_COMPILER_GLOBAL_ACCENT_COLOR_NAME = AccentColor;
				CODE_SIGN_STYLE = Automatic;
				CURRENT_PROJECT_VERSION = 1;
				DEVELOPMENT_ASSET_PATHS = "\"AnimalWorld/Preview Content\"";
				DEVELOPMENT_TEAM = 9KLKLA3BF5;
				ENABLE_PREVIEWS = YES;
				GENERATE_INFOPLIST_FILE = YES;
				INFOPLIST_KEY_UIApplicationSceneManifest_Generation = YES;
				INFOPLIST_KEY_UIApplicationSupportsIndirectInputEvents = YES;
				INFOPLIST_KEY_UILaunchScreen_Generation = YES;
				INFOPLIST_KEY_UISupportedInterfaceOrientations_iPad = "UIInterfaceOrientationPortrait UIInterfaceOrientationPortraitUpsideDown UIInterfaceOrientationLandscapeLeft UIInterfaceOrientationLandscapeRight";
				INFOPLIST_KEY_UISupportedInterfaceOrientations_iPhone = "UIInterfaceOrientationPortrait UIInterfaceOrientationLandscapeLeft UIInterfaceOrientationLandscapeRight";
				LD_RUNPATH_SEARCH_PATHS = (
					"$(inherited)",
					"@executable_path/Frameworks",
				);
				MARKETING_VERSION = 1.0;
				PRODUCT_BUNDLE_IDENTIFIER = com.zhanybeksalgarin.AnimalWorld;
				PRODUCT_NAME = "$(TARGET_NAME)";
				SWIFT_EMIT_LOC_STRINGS = YES;
				SWIFT_VERSION = 5.0;
				TARGETED_DEVICE_FAMILY = "1,2";
			};
			name = Debug;
		};
		D8E069662A781D9400A150B7 /* Release */ = {
			isa = XCBuildConfiguration;
			buildSettings = {
				ASSETCATALOG_COMPILER_APPICON_NAME = AppIcon;
				ASSETCATALOG_COMPILER_GLOBAL_ACCENT_COLOR_NAME = AccentColor;
				CODE_SIGN_STYLE = Automatic;
				CURRENT_PROJECT_VERSION = 1;
				DEVELOPMENT_ASSET_PATHS = "\"AnimalWorld/Preview Content\"";
				DEVELOPMENT_TEAM = 9KLKLA3BF5;
				ENABLE_PREVIEWS = YES;
				GENERATE_INFOPLIST_FILE = YES;
				INFOPLIST_KEY_UIApplicationSceneManifest_Generation = YES;
				INFOPLIST_KEY_UIApplicationSupportsIndirectInputEvents = YES;
				INFOPLIST_KEY_UILaunchScreen_Generation = YES;
				INFOPLIST_KEY_UISupportedInterfaceOrientations_iPad = "UIInterfaceOrientationPortrait UIInterfaceOrientationPortraitUpsideDown UIInterfaceOrientationLandscapeLeft UIInterfaceOrientationLandscapeRight";
				INFOPLIST_KEY_UISupportedInterfaceOrientations_iPhone = "UIInterfaceOrientationPortrait UIInterfaceOrientationLandscapeLeft UIInterfaceOrientationLandscapeRight";
				LD_RUNPATH_SEARCH_PATHS = (
					"$(inherited)",
					"@executable_path/Frameworks",
				);
				MARKETING_VERSION = 1.0;
				PRODUCT_BUNDLE_IDENTIFIER = com.zhanybeksalgarin.AnimalWorld;
				PRODUCT_NAME = "$(TARGET_NAME)";
				SWIFT_EMIT_LOC_STRINGS = YES;
				SWIFT_VERSION = 5.0;
				TARGETED_DEVICE_FAMILY = "1,2";
			};
			name = Release;
		};
/* End XCBuildConfiguration section */

/* Begin XCConfigurationList section */
		D8E069512A781D9100A150B7 /* Build configuration list for PBXProject "AnimalWorld" */ = {
			isa = XCConfigurationList;
			buildConfigurations = (
				D8E069622A781D9400A150B7 /* Debug */,
				D8E069632A781D9400A150B7 /* Release */,
			);
			defaultConfigurationIsVisible = 0;
			defaultConfigurationName = Release;
		};
		D8E069642A781D9400A150B7 /* Build configuration list for PBXNativeTarget "AnimalWorld" */ = {
			isa = XCConfigurationList;
			buildConfigurations = (
				D8E069652A781D9400A150B7 /* Debug */,
				D8E069662A781D9400A150B7 /* Release */,
			);
			defaultConfigurationIsVisible = 0;
			defaultConfigurationName = Release;
		};
/* End XCConfigurationList section */
	};
	rootObject = D8E0694E2A781D9100A150B7 /* Project object */;
}
